
Microsoft Visual Studio Solution File, Format Version 12.00
# Visual Studio Version 17
VisualStudioVersion = 17.6.33829.357
MinimumVisualStudioVersion = 10.0.40219.1
Project("{9A19103F-16F7-4668-BE54-9A1E7A4F7556}") = "DiceRoll01", "DiceRoll01\DiceRoll01.csproj", "{B535F11C-7E1D-4014-9438-1C52752FFBC4}"
EndProject
Project("{9A19103F-16F7-4668-BE54-9A1E7A4F7556}") = "DiceRoll02", "DiceRoll02\DiceRoll02.csproj", "{029F356D-6AF5-45D4-A36B-AAC25573100F}"
EndProject
Project("{FAE04EC0-301F-11D3-BF4B-00C04F79EFBC}") = "DiceRollLib", "DiceRollLib\DiceRollLib.csproj", "{CCB0E8EA-CFA0-4AE2-A812-B4816E25674B}"
EndProject
Global
	GlobalSection(SolutionConfigurationPlatforms) = preSolution
		Debug|Any CPU = Debug|Any CPU
		Release|Any CPU = Release|Any CPU
	EndGlobalSection
	GlobalSection(ProjectConfigurationPlatforms) = postSolution
		{B535F11C-7E1D-4014-9438-1C52752FFBC4}.Debug|Any CPU.ActiveCfg = Debug|Any CPU
		{B535F11C-7E1D-4014-9438-1C52752FFBC4}.Debug|Any CPU.Build.0 = Debug|Any CPU
		{B535F11C-7E1D-4014-9438-1C52752FFBC4}.Release|Any CPU.ActiveCfg = Release|Any CPU
		{B535F11C-7E1D-4014-9438-1C52752FFBC4}.Release|Any CPU.Build.0 = Release|Any CPU
		{029F356D-6AF5-45D4-A36B-AAC25573100F}.Debug|Any CPU.ActiveCfg = Debug|Any CPU
		{029F356D-6AF5-45D4-A36B-AAC25573100F}.Debug|Any CPU.Build.0 = Debug|Any CPU
		{029F356D-6AF5-45D4-A36B-AAC25573100F}.Release|Any CPU.ActiveCfg = Release|Any CPU
		{029F356D-6AF5-45D4-A36B-AAC25573100F}.Release|Any CPU.Build.0 = Release|Any CPU
		{CCB0E8EA-CFA0-4AE2-A812-B4816E25674B}.Debug|Any CPU.ActiveCfg = Debug|Any CPU
		{CCB0E8EA-CFA0-4AE2-A812-B4816E25674B}.Debug|Any CPU.Build.0 = Debug|Any CPU
		{CCB0E8EA-CFA0-4AE2-A812-B4816E25674B}.Release|Any CPU.ActiveCfg = Release|Any CPU
		{CCB0E8EA-CFA0-4AE2-A812-B4816E25674B}.Release|Any CPU.Build.0 = Release|Any CPU
	EndGlobalSection
	GlobalSection(SolutionProperties) = preSolution
		HideSolutionNode = FALSE
	EndGlobalSection
	GlobalSection(ExtensibilityGlobals) = postSolution
		SolutionGuid = {06A15258-9050-4091-9A71-B867D97A26D4}
	EndGlobalSection
EndGlobal
